// !$*UTF8*$!
{
	archiveVersion = 1;
	classes = {
	};
	objectVersion = 56;
	objects = {

/* Begin PBXBuildFile section */
		0AE1C6702C6A71860012E553 /* SparInterTaskApp.swift in Sources */ = {isa = PBXBuildFile; fileRef = 0AE1C66F2C6A71860012E553 /* SparInterTaskApp.swift */; };
		0AE1C6722C6A71860012E553 /* ContentView.swift in Sources */ = {isa = PBXBuildFile; fileRef = 0AE1C6712C6A71860012E553 /* ContentView.swift */; };
		0AE1C6742C6A71880012E553 /* accets.xcassets in Resources */ = {isa = PBXBuildFile; fileRef = 0AE1C6732C6A71880012E553 /* accets.xcassets */; };
		0AE1C6772C6A71880012E553 /* Preview Assets.xcassets in Resources */ = {isa = PBXBuildFile; fileRef = 0AE1C6762C6A71880012E553 /* Preview Assets.xcassets */; };
		0AE1C67E2C6A93C20012E553 /* Models.swift in Sources */ = {isa = PBXBuildFile; fileRef = 0AE1C67D2C6A93C20012E553 /* Models.swift */; };
		0AE1C6802C6A960E0012E553 /* VerticalCardView.swift in Sources */ = {isa = PBXBuildFile; fileRef = 0AE1C67F2C6A960E0012E553 /* VerticalCardView.swift */; };
		0AE1C6822C6AB5460012E553 /* CardListView.swift in Sources */ = {isa = PBXBuildFile; fileRef = 0AE1C6812C6AB5460012E553 /* CardListView.swift */; };
		0AE1C6842C6B5AA10012E553 /* HorizontalCardView.swift in Sources */ = {isa = PBXBuildFile; fileRef = 0AE1C6832C6B5AA10012E553 /* HorizontalCardView.swift */; };
/* End PBXBuildFile section */

/* Begin PBXFileReference section */
		0AE1C66C2C6A71850012E553 /* SparInterTask.app */ = {isa = PBXFileReference; explicitFileType = wrapper.application; includeInIndex = 0; path = SparInterTask.app; sourceTree = BUILT_PRODUCTS_DIR; };
		0AE1C66F2C6A71860012E553 /* SparInterTaskApp.swift */ = {isa = PBXFileReference; lastKnownFileType = sourcecode.swift; path = SparInterTaskApp.swift; sourceTree = "<group>"; };
		0AE1C6712C6A71860012E553 /* ContentView.swift */ = {isa = PBXFileReference; lastKnownFileType = sourcecode.swift; path = ContentView.swift; sourceTree = "<group>"; };
		0AE1C6732C6A71880012E553 /* accets.xcassets */ = {isa = PBXFileReference; lastKnownFileType = folder.assetcatalog; path = accets.xcassets; sourceTree = "<group>"; };
		0AE1C6762C6A71880012E553 /* Preview Assets.xcassets */ = {isa = PBXFileReference; lastKnownFileType = folder.assetcatalog; path = "Preview Assets.xcassets"; sourceTree = "<group>"; };
		0AE1C67D2C6A93C20012E553 /* Models.swift */ = {isa = PBXFileReference; lastKnownFileType = sourcecode.swift; path = Models.swift; sourceTree = "<group>"; };
		0AE1C67F2C6A960E0012E553 /* VerticalCardView.swift */ = {isa = PBXFileReference; lastKnownFileType = sourcecode.swift; path = VerticalCardView.swift; sourceTree = "<group>"; };
		0AE1C6812C6AB5460012E553 /* CardListView.swift */ = {isa = PBXFileReference; lastKnownFileType = sourcecode.swift; path = CardListView.swift; sourceTree = "<group>"; };
		0AE1C6832C6B5AA10012E553 /* HorizontalCardView.swift */ = {isa = PBXFileReference; lastKnownFileType = sourcecode.swift; path = HorizontalCardView.swift; sourceTree = "<group>"; };
/* End PBXFileReference section */

/* Begin PBXFrameworksBuildPhase section */
		0AE1C6692C6A71850012E553 /* Frameworks */ = {
			isa = PBXFrameworksBuildPhase;
			buildActionMask = 2147483647;
			files = (
			);
			runOnlyForDeploymentPostprocessing = 0;
		};
/* End PBXFrameworksBuildPhase section */

/* Begin PBXGroup section */
		0AE1C6632C6A71850012E553 = {
			isa = PBXGroup;
			children = (
				0AE1C66E2C6A71850012E553 /* SparInterTask */,
				0AE1C66D2C6A71850012E553 /* Products */,
			);
			sourceTree = "<group>";
		};
		0AE1C66D2C6A71850012E553 /* Products */ = {
			isa = PBXGroup;
			children = (
				0AE1C66C2C6A71850012E553 /* SparInterTask.app */,
			);
			name = Products;
			sourceTree = "<group>";
		};
		0AE1C66E2C6A71850012E553 /* SparInterTask */ = {
			isa = PBXGroup;
			children = (
				0AE1C66F2C6A71860012E553 /* SparInterTaskApp.swift */,
				0AE1C67D2C6A93C20012E553 /* Models.swift */,
				0AE1C6712C6A71860012E553 /* ContentView.swift */,
				0AE1C6832C6B5AA10012E553 /* HorizontalCardView.swift */,
				0AE1C67F2C6A960E0012E553 /* VerticalCardView.swift */,
				0AE1C6812C6AB5460012E553 /* CardListView.swift */,
				0AE1C6732C6A71880012E553 /* accets.xcassets */,
				0AE1C6752C6A71880012E553 /* Preview Content */,
			);
			path = SparInterTask;
			sourceTree = "<group>";
		};
		0AE1C6752C6A71880012E553 /* Preview Content */ = {
			isa = PBXGroup;
			children = (
				0AE1C6762C6A71880012E553 /* Preview Assets.xcassets */,
			);
			path = "Preview Content";
			sourceTree = "<group>";
		};
/* End PBXGroup section */

/* Begin PBXNativeTarget section */
		0AE1C66B2C6A71850012E553 /* SparInterTask */ = {
			isa = PBXNativeTarget;
			buildConfigurationList = 0AE1C67A2C6A71880012E553 /* Build configuration list for PBXNativeTarget "SparInterTask" */;
			buildPhases = (
				0AE1C6682C6A71850012E553 /* Sources */,
				0AE1C6692C6A71850012E553 /* Frameworks */,
				0AE1C66A2C6A71850012E553 /* Resources */,
			);
			buildRules = (
			);
			dependencies = (
			);
			name = SparInterTask;
			productName = SparInterTask;
			productReference = 0AE1C66C2C6A71850012E553 /* SparInterTask.app */;
			productType = "com.apple.product-type.application";
		};
/* End PBXNativeTarget section */

/* Begin PBXProject section */
		0AE1C6642C6A71850012E553 /* Project object */ = {
			isa = PBXProject;
			attributes = {
				BuildIndependentTargetsInParallel = 1;
				LastSwiftUpdateCheck = 1540;
				LastUpgradeCheck = 1540;
				TargetAttributes = {
					0AE1C66B2C6A71850012E553 = {
						CreatedOnToolsVersion = 15.4;
					};
				};
			};
			buildConfigurationList = 0AE1C6672C6A71850012E553 /* Build configuration list for PBXProject "SparInterTask" */;
			compatibilityVersion = "Xcode 14.0";
			developmentRegion = en;
			hasScannedForEncodings = 0;
			knownRegions = (
				en,
				Base,
			);
			mainGroup = 0AE1C6632C6A71850012E553;
			productRefGroup = 0AE1C66D2C6A71850012E553 /* Products */;
			projectDirPath = "";
			projectRoot = "";
			targets = (
				0AE1C66B2C6A71850012E553 /* SparInterTask */,
			);
		};
/* End PBXProject section */

/* Begin PBXResourcesBuildPhase section */
		0AE1C66A2C6A71850012E553 /* Resources */ = {
			isa = PBXResourcesBuildPhase;
			buildActionMask = 2147483647;
			files = (
				0AE1C6772C6A71880012E553 /* Preview Assets.xcassets in Resources */,
				0AE1C6742C6A71880012E553 /* accets.xcassets in Resources */,
			);
			runOnlyForDeploymentPostprocessing = 0;
		};
/* End PBXResourcesBuildPhase section */

/* Begin PBXSourcesBuildPhase section */
		0AE1C6682C6A71850012E553 /* Sources */ = {
			isa = PBXSourcesBuildPhase;
			buildActionMask = 2147483647;
			files = (
				0AE1C67E2C6A93C20012E553 /* Models.swift in Sources */,
				0AE1C6722C6A71860012E553 /* ContentView.swift in Sources */,
				0AE1C6822C6AB5460012E553 /* CardListView.swift in Sources */,
				0AE1C6802C6A960E0012E553 /* VerticalCardView.swift in Sources */,
				0AE1C6842C6B5AA10012E553 /* HorizontalCardView.swift in Sources */,
				0AE1C6702C6A71860012E553 /* SparInterTaskApp.swift in Sources */,
			);
			runOnlyForDeploymentPostprocessing = 0;
		};
/* End PBXSourcesBuildPhase section */

/* Begin XCBuildConfiguration section */
		0AE1C6782C6A71880012E553 /* Debug */ = {
			isa = XCBuildConfiguration;
			buildSettings = {
				ALWAYS_SEARCH_USER_PATHS = NO;
				ASSETCATALOG_COMPILER_GENERATE_SWIFT_ASSET_SYMBOL_EXTENSIONS = YES;
				CLANG_ANALYZER_NONNULL = YES;
				CLANG_ANALYZER_NUMBER_OBJECT_CONVERSION = YES_AGGRESSIVE;
				CLANG_CXX_LANGUAGE_STANDARD = "gnu++20";
				CLANG_ENABLE_MODULES = YES;
				CLANG_ENABLE_OBJC_ARC = YES;
				CLANG_ENABLE_OBJC_WEAK = YES;
				CLANG_WARN_BLOCK_CAPTURE_AUTORELEASING = YES;
				CLANG_WARN_BOOL_CONVERSION = YES;
				CLANG_WARN_COMMA = YES;
				CLANG_WARN_CONSTANT_CONVERSION = YES;
				CLANG_WARN_DEPRECATED_OBJC_IMPLEMENTATIONS = YES;
				CLANG_WARN_DIRECT_OBJC_ISA_USAGE = YES_ERROR;
				CLANG_WARN_DOCUMENTATION_COMMENTS = YES;
				CLANG_WARN_EMPTY_BODY = YES;
				CLANG_WARN_ENUM_CONVERSION = YES;
				CLANG_WARN_INFINITE_RECURSION = YES;
				CLANG_WARN_INT_CONVERSION = YES;
				CLANG_WARN_NON_LITERAL_NULL_CONVERSION = YES;
				CLANG_WARN_OBJC_IMPLICIT_RETAIN_SELF = YES;
				CLANG_WARN_OBJC_LITERAL_CONVERSION = YES;
				CLANG_WARN_OBJC_ROOT_CLASS = YES_ERROR;
				CLANG_WARN_QUOTED_INCLUDE_IN_FRAMEWORK_HEADER = YES;
				CLANG_WARN_RANGE_LOOP_ANALYSIS = YES;
				CLANG_WARN_STRICT_PROTOTYPES = YES;
				CLANG_WARN_SUSPICIOUS_MOVE = YES;
				CLANG_WARN_UNGUARDED_AVAILABILITY = YES_AGGRESSIVE;
				CLANG_WARN_UNREACHABLE_CODE = YES;
				CLANG_WARN__DUPLICATE_METHOD_MATCH = YES;
				COPY_PHASE_STRIP = NO;
				DEBUG_INFORMATION_FORMAT = dwarf;
				ENABLE_STRICT_OBJC_MSGSEND = YES;
				ENABLE_TESTABILITY = YES;
				ENABLE_USER_SCRIPT_SANDBOXING = YES;
				GCC_C_LANGUAGE_STANDARD = gnu17;
				GCC_DYNAMIC_NO_PIC = NO;
				GCC_NO_COMMON_BLOCKS = YES;
				GCC_OPTIMIZATION_LEVEL = 0;
				GCC_PREPROCESSOR_DEFINITIONS = (
					"DEBUG=1",
					"$(inherited)",
				);
				GCC_WARN_64_TO_32_BIT_CONVERSION = YES;
				GCC_WARN_ABOUT_RETURN_TYPE = YES_ERROR;
				GCC_WARN_UNDECLARED_SELECTOR = YES;
				GCC_WARN_UNINITIALIZED_AUTOS = YES_AGGRESSIVE;
				GCC_WARN_UNUSED_FUNCTION = YES;
				GCC_WARN_UNUSED_VARIABLE = YES;
				IPHONEOS_DEPLOYMENT_TARGET = 17.5;
				LOCALIZATION_PREFERS_STRING_CATALOGS = YES;
				MTL_ENABLE_DEBUG_INFO = INCLUDE_SOURCE;
				MTL_FAST_MATH = YES;
				ONLY_ACTIVE_ARCH = YES;
				SDKROOT = iphoneos;
				SWIFT_ACTIVE_COMPILATION_CONDITIONS = "DEBUG $(inherited)";
				SWIFT_OPTIMIZATION_LEVEL = "-Onone";
			};
			name = Debug;
		};
		0AE1C6792C6A71880012E553 /* Release */ = {
			isa = XCBuildConfiguration;
			buildSettings = {
				ALWAYS_SEARCH_USER_PATHS = NO;
				ASSETCATALOG_COMPILER_GENERATE_SWIFT_ASSET_SYMBOL_EXTENSIONS = YES;
				CLANG_ANALYZER_NONNULL = YES;
				CLANG_ANALYZER_NUMBER_OBJECT_CONVERSION = YES_AGGRESSIVE;
				CLANG_CXX_LANGUAGE_STANDARD = "gnu++20";
				CLANG_ENABLE_MODULES = YES;
				CLANG_ENABLE_OBJC_ARC = YES;
				CLANG_ENABLE_OBJC_WEAK = YES;
				CLANG_WARN_BLOCK_CAPTURE_AUTORELEASING = YES;
				CLANG_WARN_BOOL_CONVERSION = YES;
				CLANG_WARN_COMMA = YES;
				CLANG_WARN_CONSTANT_CONVERSION = YES;
				CLANG_WARN_DEPRECATED_OBJC_IMPLEMENTATIONS = YES;
				CLANG_WARN_DIRECT_OBJC_ISA_USAGE = YES_ERROR;
				CLANG_WARN_DOCUMENTATION_COMMENTS = YES;
				CLANG_WARN_EMPTY_BODY = YES;
				CLANG_WARN_ENUM_CONVERSION = YES;
				CLANG_WARN_INFINITE_RECURSION = YES;
				CLANG_WARN_INT_CONVERSION = YES;
				CLANG_WARN_NON_LITERAL_NULL_CONVERSION = YES;
				CLANG_WARN_OBJC_IMPLICIT_RETAIN_SELF = YES;
				CLANG_WARN_OBJC_LITERAL_CONVERSION = YES;
				CLANG_WARN_OBJC_ROOT_CLASS = YES_ERROR;
				CLANG_WARN_QUOTED_INCLUDE_IN_FRAMEWORK_HEADER = YES;
				CLANG_WARN_RANGE_LOOP_ANALYSIS = YES;
				CLANG_WARN_STRICT_PROTOTYPES = YES;
				CLANG_WARN_SUSPICIOUS_MOVE = YES;
				CLANG_WARN_UNGUARDED_AVAILABILITY = YES_AGGRESSIVE;
				CLANG_WARN_UNREACHABLE_CODE = YES;
				CLANG_WARN__DUPLICATE_METHOD_MATCH = YES;
				COPY_PHASE_STRIP = NO;
				DEBUG_INFORMATION_FORMAT = "dwarf-with-dsym";
				ENABLE_NS_ASSERTIONS = NO;
				ENABLE_STRICT_OBJC_MSGSEND = YES;
				ENABLE_USER_SCRIPT_SANDBOXING = YES;
				GCC_C_LANGUAGE_STANDARD = gnu17;
				GCC_NO_COMMON_BLOCKS = YES;
				GCC_WARN_64_TO_32_BIT_CONVERSION = YES;
				GCC_WARN_ABOUT_RETURN_TYPE = YES_ERROR;
				GCC_WARN_UNDECLARED_SELECTOR = YES;
				GCC_WARN_UNINITIALIZED_AUTOS = YES_AGGRESSIVE;
				GCC_WARN_UNUSED_FUNCTION = YES;
				GCC_WARN_UNUSED_VARIABLE = YES;
				IPHONEOS_DEPLOYMENT_TARGET = 17.5;
				LOCALIZATION_PREFERS_STRING_CATALOGS = YES;
				MTL_ENABLE_DEBUG_INFO = NO;
				MTL_FAST_MATH = YES;
				SDKROOT = iphoneos;
				SWIFT_COMPILATION_MODE = wholemodule;
				VALIDATE_PRODUCT = YES;
			};
			name = Release;
		};
		0AE1C67B2C6A71880012E553 /* Debug */ = {
			isa = XCBuildConfiguration;
			buildSettings = {
				ASSETCATALOG_COMPILER_APPICON_NAME = AppIcon;
				ASSETCATALOG_COMPILER_GLOBAL_ACCENT_COLOR_NAME = AccentColor;
				CODE_SIGN_STYLE = Automatic;
				CURRENT_PROJECT_VERSION = 1;
				DEVELOPMENT_ASSET_PATHS = "\"SparInterTask/Preview Content\"";
				DEVELOPMENT_TEAM = 4573LN3V72;
				ENABLE_PREVIEWS = YES;
				GENERATE_INFOPLIST_FILE = YES;
				INFOPLIST_KEY_UIApplicationSceneManifest_Generation = YES;
				INFOPLIST_KEY_UIApplicationSupportsIndirectInputEvents = YES;
				INFOPLIST_KEY_UILaunchScreen_Generation = YES;
				INFOPLIST_KEY_UISupportedInterfaceOrientations_iPad = "UIInterfaceOrientationPortrait UIInterfaceOrientationPortraitUpsideDown UIInterfaceOrientationLandscapeLeft UIInterfaceOrientationLandscapeRight";
				INFOPLIST_KEY_UISupportedInterfaceOrientations_iPhone = "UIInterfaceOrientationPortrait UIInterfaceOrientationLandscapeLeft UIInterfaceOrientationLandscapeRight";
				LD_RUNPATH_SEARCH_PATHS = (
					"$(inherited)",
					"@executable_path/Frameworks",
				);
				MARKETING_VERSION = 1.0;
				PRODUCT_BUNDLE_IDENTIFIER = SparInterTask.SparInterTask;
				PRODUCT_NAME = "$(TARGET_NAME)";
				SWIFT_EMIT_LOC_STRINGS = YES;
				SWIFT_VERSION = 5.0;
				TARGETED_DEVICE_FAMILY = "1,2";
			};
			name = Debug;
		};
		0AE1C67C2C6A71880012E553 /* Release */ = {
			isa = XCBuildConfiguration;
			buildSettings = {
				ASSETCATALOG_COMPILER_APPICON_NAME = AppIcon;
				ASSETCATALOG_COMPILER_GLOBAL_ACCENT_COLOR_NAME = AccentColor;
				CODE_SIGN_STYLE = Automatic;
				CURRENT_PROJECT_VERSION = 1;
				DEVELOPMENT_ASSET_PATHS = "\"SparInterTask/Preview Content\"";
				DEVELOPMENT_TEAM = 4573LN3V72;
				ENABLE_PREVIEWS = YES;
				GENERATE_INFOPLIST_FILE = YES;
				INFOPLIST_KEY_UIApplicationSceneManifest_Generation = YES;
				INFOPLIST_KEY_UIApplicationSupportsIndirectInputEvents = YES;
				INFOPLIST_KEY_UILaunchScreen_Generation = YES;
				INFOPLIST_KEY_UISupportedInterfaceOrientations_iPad = "UIInterfaceOrientationPortrait UIInterfaceOrientationPortraitUpsideDown UIInterfaceOrientationLandscapeLeft UIInterfaceOrientationLandscapeRight";
				INFOPLIST_KEY_UISupportedInterfaceOrientations_iPhone = "UIInterfaceOrientationPortrait UIInterfaceOrientationLandscapeLeft UIInterfaceOrientationLandscapeRight";
				LD_RUNPATH_SEARCH_PATHS = (
					"$(inherited)",
					"@executable_path/Frameworks",
				);
				MARKETING_VERSION = 1.0;
				PRODUCT_BUNDLE_IDENTIFIER = SparInterTask.SparInterTask;
				PRODUCT_NAME = "$(TARGET_NAME)";
				SWIFT_EMIT_LOC_STRINGS = YES;
				SWIFT_VERSION = 5.0;
				TARGETED_DEVICE_FAMILY = "1,2";
			};
			name = Release;
		};
/* End XCBuildConfiguration section */

/* Begin XCConfigurationList section */
		0AE1C6672C6A71850012E553 /* Build configuration list for PBXProject "SparInterTask" */ = {
			isa = XCConfigurationList;
			buildConfigurations = (
				0AE1C6782C6A71880012E553 /* Debug */,
				0AE1C6792C6A71880012E553 /* Release */,
			);
			defaultConfigurationIsVisible = 0;
			defaultConfigurationName = Release;
		};
		0AE1C67A2C6A71880012E553 /* Build configuration list for PBXNativeTarget "SparInterTask" */ = {
			isa = XCConfigurationList;
			buildConfigurations = (
				0AE1C67B2C6A71880012E553 /* Debug */,
				0AE1C67C2C6A71880012E553 /* Release */,
			);
			defaultConfigurationIsVisible = 0;
			defaultConfigurationName = Release;
		};
/* End XCConfigurationList section */
	};
	rootObject = 0AE1C6642C6A71850012E553 /* Project object */;
}
